
Microsoft Visual Studio Solution File, Format Version 12.00
# Visual Studio Version 17
VisualStudioVersion = 17.13.35806.99
MinimumVisualStudioVersion = 10.0.40219.1
Project("{2150E333-8FDC-42A3-9474-1A3956D46DE8}") = "FrontEnd", "FrontEnd", "{02EA681E-C7D8-13C7-8484-4AC65E1B71E8}"
EndProject
Project("{2150E333-8FDC-42A3-9474-1A3956D46DE8}") = "Gateway", "Gateway", "{12E5EE5C-C55D-4F1A-938E-656A7E743167}"
EndProject
Project("{2150E333-8FDC-42A3-9474-1A3956D46DE8}") = "Integration", "Integration", "{5BD60C04-DC6A-45E7-89B9-7DB24AB5CD8F}"
EndProject
Project("{2150E333-8FDC-42A3-9474-1A3956D46DE8}") = "Services", "Services", "{1890F85B-40B8-4233-995A-83FAE131C0D1}"
EndProject
Project("{FAE04EC0-301F-11D3-BF4B-00C04F79EFBC}") = "Mango.Services.CouponAPI", "Mango.Services.CouponAPI\Mango.Services.CouponAPI.csproj", "{071CFA0E-DFD6-472D-B362-22D2CDF0FBDC}"
EndProject
Project("{FAE04EC0-301F-11D3-BF4B-00C04F79EFBC}") = "Mango.Web", "Mango.Web\Mango.Web.csproj", "{A9F13FA4-BB3E-46FD-8DB0-4353D96DF3FD}"
EndProject
Global
	GlobalSection(SolutionConfigurationPlatforms) = preSolution
		Debug|Any CPU = Debug|Any CPU
		Release|Any CPU = Release|Any CPU
	EndGlobalSection
	GlobalSection(ProjectConfigurationPlatforms) = postSolution
		{071CFA0E-DFD6-472D-B362-22D2CDF0FBDC}.Debug|Any CPU.ActiveCfg = Debug|Any CPU
		{071CFA0E-DFD6-472D-B362-22D2CDF0FBDC}.Debug|Any CPU.Build.0 = Debug|Any CPU
		{071CFA0E-DFD6-472D-B362-22D2CDF0FBDC}.Release|Any CPU.ActiveCfg = Release|Any CPU
		{071CFA0E-DFD6-472D-B362-22D2CDF0FBDC}.Release|Any CPU.Build.0 = Release|Any CPU
		{A9F13FA4-BB3E-46FD-8DB0-4353D96DF3FD}.Debug|Any CPU.ActiveCfg = Debug|Any CPU
		{A9F13FA4-BB3E-46FD-8DB0-4353D96DF3FD}.Debug|Any CPU.Build.0 = Debug|Any CPU
		{A9F13FA4-BB3E-46FD-8DB0-4353D96DF3FD}.Release|Any CPU.ActiveCfg = Release|Any CPU
		{A9F13FA4-BB3E-46FD-8DB0-4353D96DF3FD}.Release|Any CPU.Build.0 = Release|Any CPU
	EndGlobalSection
	GlobalSection(SolutionProperties) = preSolution
		HideSolutionNode = FALSE
	EndGlobalSection
	GlobalSection(NestedProjects) = preSolution
		{071CFA0E-DFD6-472D-B362-22D2CDF0FBDC} = {1890F85B-40B8-4233-995A-83FAE131C0D1}
		{A9F13FA4-BB3E-46FD-8DB0-4353D96DF3FD} = {02EA681E-C7D8-13C7-8484-4AC65E1B71E8}
	EndGlobalSection
	GlobalSection(ExtensibilityGlobals) = postSolution
		SolutionGuid = {A475A3CC-EF19-43A8-AE6D-50B80C7B7F48}
	EndGlobalSection
EndGlobal
